
Microsoft Visual Studio Solution File, Format Version 12.00
# Visual Studio Version 17
VisualStudioVersion = 17.7.34024.191
MinimumVisualStudioVersion = 10.0.40219.1
Project("{FAE04EC0-301F-11D3-BF4B-00C04F79EFBC}") = "ASS1", "ASS1\ASS1.csproj", "{BCEBBD58-33AC-4753-88DD-2A6DF254AF21}"
EndProject
Global
	GlobalSection(SolutionConfigurationPlatforms) = preSolution
		Debug|Any CPU = Debug|Any CPU
		Release|Any CPU = Release|Any CPU
	EndGlobalSection
	GlobalSection(ProjectConfigurationPlatforms) = postSolution
		{BCEBBD58-33AC-4753-88DD-2A6DF254AF21}.Debug|Any CPU.ActiveCfg = Debug|Any CPU
		{BCEBBD58-33AC-4753-88DD-2A6DF254AF21}.Debug|Any CPU.Build.0 = Debug|Any CPU
		{BCEBBD58-33AC-4753-88DD-2A6DF254AF21}.Release|Any CPU.ActiveCfg = Release|Any CPU
		{BCEBBD58-33AC-4753-88DD-2A6DF254AF21}.Release|Any CPU.Build.0 = Release|Any CPU
	EndGlobalSection
	GlobalSection(SolutionProperties) = preSolution
		HideSolutionNode = FALSE
	EndGlobalSection
	GlobalSection(ExtensibilityGlobals) = postSolution
		SolutionGuid = {4CE684F9-7D95-45DB-8FAB-6ED134D33032}
	EndGlobalSection
EndGlobal
